
Microsoft Visual Studio Solution File, Format Version 12.00
# Visual Studio Version 17
VisualStudioVersion = 17.14.36301.6
MinimumVisualStudioVersion = 10.0.40219.1
Project("{FAE04EC0-301F-11D3-BF4B-00C04F79EFBC}") = "EA MD5 hasher", "EA MD5 hasher.csproj", "{8CD5A93E-FB6D-417B-A3B5-E63C3D599F6B}"
EndProject
Project("{2150E333-8FDC-42A3-9474-1A3956D46DE8}") = "Solution Items", "Solution Items", "{8EC462FD-D22E-90A8-E5CE-7E832BA40C5D}"
	ProjectSection(SolutionItems) = preProject
		Career OverAll Stats.cs = Career OverAll Stats.cs
		Handling Xbox 360 Container.cs = Handling Xbox 360 Container.cs
		MD5 Rounds.cs = MD5 Rounds.cs
		MD5_Prep.cs = MD5_Prep.cs
		Preset_Rider_List.cs = Preset_Rider_List.cs
		Xbox 360 Con FIxer.cs = Xbox 360 Con FIxer.cs
	EndProjectSection
EndProject
Project("{2150E333-8FDC-42A3-9474-1A3956D46DE8}") = "Dumps", "Dumps", "{02EA681E-C7D8-13C7-8484-4AC65E1B71E8}"
EndProject
Project("{2150E333-8FDC-42A3-9474-1A3956D46DE8}") = "PC", "PC", "{CAB2F173-46EE-4074-A771-AA96A7A9AE49}"
	ProjectSection(SolutionItems) = preProject
		bin\Debug\net8.0-windows\Dumps\PC\ANGIE_CASINO_Customization.bin = bin\Debug\net8.0-windows\Dumps\PC\ANGIE_CASINO_Customization.bin
		bin\Debug\net8.0-windows\Dumps\PC\ANGIE_CASINO_Parts.bin = bin\Debug\net8.0-windows\Dumps\PC\ANGIE_CASINO_Parts.bin
		bin\Debug\net8.0-windows\Dumps\PC\ANGIE_CASINO_Vinyl.bin = bin\Debug\net8.0-windows\Dumps\PC\ANGIE_CASINO_Vinyl.bin
		bin\Debug\net8.0-windows\Dumps\PC\ANGIE_Customization.bin = bin\Debug\net8.0-windows\Dumps\PC\ANGIE_Customization.bin
		bin\Debug\net8.0-windows\Dumps\PC\ANGIE_Parts.bin = bin\Debug\net8.0-windows\Dumps\PC\ANGIE_Parts.bin
		bin\Debug\net8.0-windows\Dumps\PC\ANGIE_Vinyl.bin = bin\Debug\net8.0-windows\Dumps\PC\ANGIE_Vinyl.bin
		bin\Debug\net8.0-windows\Dumps\PC\BMWM3GTRE46_CROSSCHASE_Customization.bin = bin\Debug\net8.0-windows\Dumps\PC\BMWM3GTRE46_CROSSCHASE_Customization.bin
		bin\Debug\net8.0-windows\Dumps\PC\BMWM3GTRE46_CROSSCHASE_Parts.bin = bin\Debug\net8.0-windows\Dumps\PC\BMWM3GTRE46_CROSSCHASE_Parts.bin
		bin\Debug\net8.0-windows\Dumps\PC\BMWM3GTRE46_CROSSCHASE_Vinyl.bin = bin\Debug\net8.0-windows\Dumps\PC\BMWM3GTRE46_CROSSCHASE_Vinyl.bin
		bin\Debug\net8.0-windows\Dumps\PC\CARRERA_GRNP7_Customization.bin = bin\Debug\net8.0-windows\Dumps\PC\CARRERA_GRNP7_Customization.bin
		bin\Debug\net8.0-windows\Dumps\PC\CARRERA_GRNP7_Parts.bin = bin\Debug\net8.0-windows\Dumps\PC\CARRERA_GRNP7_Parts.bin
		bin\Debug\net8.0-windows\Dumps\PC\CARRERA_GRNP7_Vinyl.bin = bin\Debug\net8.0-windows\Dumps\PC\CARRERA_GRNP7_Vinyl.bin
		bin\Debug\net8.0-windows\Dumps\PC\CE_240SX_Customization.bin = bin\Debug\net8.0-windows\Dumps\PC\CE_240SX_Customization.bin
		bin\Debug\net8.0-windows\Dumps\PC\CE_240SX_Parts.bin = bin\Debug\net8.0-windows\Dumps\PC\CE_240SX_Parts.bin
		bin\Debug\net8.0-windows\Dumps\PC\CE_240SX_Vinyl.bin = bin\Debug\net8.0-windows\Dumps\PC\CE_240SX_Vinyl.bin
		bin\Debug\net8.0-windows\Dumps\PC\CE_350Z_Customization.bin = bin\Debug\net8.0-windows\Dumps\PC\CE_350Z_Customization.bin
		bin\Debug\net8.0-windows\Dumps\PC\CE_350Z_Parts.bin = bin\Debug\net8.0-windows\Dumps\PC\CE_350Z_Parts.bin
		bin\Debug\net8.0-windows\Dumps\PC\CE_350Z_Vinyl.bin = bin\Debug\net8.0-windows\Dumps\PC\CE_350Z_Vinyl.bin
		bin\Debug\net8.0-windows\Dumps\PC\CE_CARRERA_GT_Customization.bin = bin\Debug\net8.0-windows\Dumps\PC\CE_CARRERA_GT_Customization.bin
		bin\Debug\net8.0-windows\Dumps\PC\CE_CARRERA_GT_Parts.bin = bin\Debug\net8.0-windows\Dumps\PC\CE_CARRERA_GT_Parts.bin
		bin\Debug\net8.0-windows\Dumps\PC\CE_CARRERA_GT_Vinyl.bin = bin\Debug\net8.0-windows\Dumps\PC\CE_CARRERA_GT_Vinyl.bin
		bin\Debug\net8.0-windows\Dumps\PC\CE_CHALLENGER_Customization.bin = bin\Debug\net8.0-windows\Dumps\PC\CE_CHALLENGER_Customization.bin
		bin\Debug\net8.0-windows\Dumps\PC\CE_CHALLENGER_Parts.bin = bin\Debug\net8.0-windows\Dumps\PC\CE_CHALLENGER_Parts.bin
		bin\Debug\net8.0-windows\Dumps\PC\CE_CHALLENGER_Vinyl.bin = bin\Debug\net8.0-windows\Dumps\PC\CE_CHALLENGER_Vinyl.bin
		bin\Debug\net8.0-windows\Dumps\PC\CE_CHARGER_Customization.bin = bin\Debug\net8.0-windows\Dumps\PC\CE_CHARGER_Customization.bin
		bin\Debug\net8.0-windows\Dumps\PC\CE_CHARGER_Parts.bin = bin\Debug\net8.0-windows\Dumps\PC\CE_CHARGER_Parts.bin
		bin\Debug\net8.0-windows\Dumps\PC\CE_CHARGER_Vinyl.bin = bin\Debug\net8.0-windows\Dumps\PC\CE_CHARGER_Vinyl.bin
		bin\Debug\net8.0-windows\Dumps\PC\CE_GT500_Customization.bin = bin\Debug\net8.0-windows\Dumps\PC\CE_GT500_Customization.bin
		bin\Debug\net8.0-windows\Dumps\PC\CE_GT500_Parts.bin = bin\Debug\net8.0-windows\Dumps\PC\CE_GT500_Parts.bin
		bin\Debug\net8.0-windows\Dumps\PC\CE_GT500_Vinyl.bin = bin\Debug\net8.0-windows\Dumps\PC\CE_GT500_Vinyl.bin
		bin\Debug\net8.0-windows\Dumps\PC\CE_IMPREZA_Customization.bin = bin\Debug\net8.0-windows\Dumps\PC\CE_IMPREZA_Customization.bin
		bin\Debug\net8.0-windows\Dumps\PC\CE_IMPREZA_Parts.bin = bin\Debug\net8.0-windows\Dumps\PC\CE_IMPREZA_Parts.bin
		bin\Debug\net8.0-windows\Dumps\PC\CE_IMPREZA_Vinyl.bin = bin\Debug\net8.0-windows\Dumps\PC\CE_IMPREZA_Vinyl.bin
		bin\Debug\net8.0-windows\Dumps\PC\CE_MURCIELAGO_Customization.bin = bin\Debug\net8.0-windows\Dumps\PC\CE_MURCIELAGO_Customization.bin
		bin\Debug\net8.0-windows\Dumps\PC\CE_MURCIELAGO_Parts.bin = bin\Debug\net8.0-windows\Dumps\PC\CE_MURCIELAGO_Parts.bin
		bin\Debug\net8.0-windows\Dumps\PC\CE_MURCIELAGO_Vinyl.bin = bin\Debug\net8.0-windows\Dumps\PC\CE_MURCIELAGO_Vinyl.bin
		bin\Debug\net8.0-windows\Dumps\PC\CE_SKYLINE_Customization.bin = bin\Debug\net8.0-windows\Dumps\PC\CE_SKYLINE_Customization.bin
		bin\Debug\net8.0-windows\Dumps\PC\CE_SKYLINE_Parts.bin = bin\Debug\net8.0-windows\Dumps\PC\CE_SKYLINE_Parts.bin
		bin\Debug\net8.0-windows\Dumps\PC\CE_SKYLINE_Vinyl.bin = bin\Debug\net8.0-windows\Dumps\PC\CE_SKYLINE_Vinyl.bin
		bin\Debug\net8.0-windows\Dumps\PC\CE_SL65_Customization.bin = bin\Debug\net8.0-windows\Dumps\PC\CE_SL65_Customization.bin
		bin\Debug\net8.0-windows\Dumps\PC\CE_SL65_Parts.bin = bin\Debug\net8.0-windows\Dumps\PC\CE_SL65_Parts.bin
		bin\Debug\net8.0-windows\Dumps\PC\CE_SL65_Vinyl.bin = bin\Debug\net8.0-windows\Dumps\PC\CE_SL65_Vinyl.bin
		bin\Debug\net8.0-windows\Dumps\PC\CHEVELLE_2_Customization.bin = bin\Debug\net8.0-windows\Dumps\PC\CHEVELLE_2_Customization.bin
		bin\Debug\net8.0-windows\Dumps\PC\CHEVELLE_2_Parts.bin = bin\Debug\net8.0-windows\Dumps\PC\CHEVELLE_2_Parts.bin
		bin\Debug\net8.0-windows\Dumps\PC\CHEVELLE_2_Vinyl.bin = bin\Debug\net8.0-windows\Dumps\PC\CHEVELLE_2_Vinyl.bin
		bin\Debug\net8.0-windows\Dumps\PC\COLIN_Customization.bin = bin\Debug\net8.0-windows\Dumps\PC\COLIN_Customization.bin
		bin\Debug\net8.0-windows\Dumps\PC\COLIN_Parts.bin = bin\Debug\net8.0-windows\Dumps\PC\COLIN_Parts.bin
		bin\Debug\net8.0-windows\Dumps\PC\COLIN_Vinyl.bin = bin\Debug\net8.0-windows\Dumps\PC\COLIN_Vinyl.bin
		bin\Debug\net8.0-windows\Dumps\PC\COROLLA_2_Customization.bin = bin\Debug\net8.0-windows\Dumps\PC\COROLLA_2_Customization.bin
		bin\Debug\net8.0-windows\Dumps\PC\COROLLA_2_Parts.bin = bin\Debug\net8.0-windows\Dumps\PC\COROLLA_2_Parts.bin
		bin\Debug\net8.0-windows\Dumps\PC\COROLLA_2_Vinyl.bin = bin\Debug\net8.0-windows\Dumps\PC\COROLLA_2_Vinyl.bin
		bin\Debug\net8.0-windows\Dumps\PC\CROSS_Customization.bin = bin\Debug\net8.0-windows\Dumps\PC\CROSS_Customization.bin
		bin\Debug\net8.0-windows\Dumps\PC\CROSS_Parts.bin = bin\Debug\net8.0-windows\Dumps\PC\CROSS_Parts.bin
		bin\Debug\net8.0-windows\Dumps\PC\CROSS_Vinyl.bin = bin\Debug\net8.0-windows\Dumps\PC\CROSS_Vinyl.bin
		bin\Debug\net8.0-windows\Dumps\PC\CS_300C_Customization.bin = bin\Debug\net8.0-windows\Dumps\PC\CS_300C_Customization.bin
		bin\Debug\net8.0-windows\Dumps\PC\CS_300C_Parts.bin = bin\Debug\net8.0-windows\Dumps\PC\CS_300C_Parts.bin
		bin\Debug\net8.0-windows\Dumps\PC\CS_300C_Vinyl.bin = bin\Debug\net8.0-windows\Dumps\PC\CS_300C_Vinyl.bin
		bin\Debug\net8.0-windows\Dumps\PC\CS_350Z_Customization.bin = bin\Debug\net8.0-windows\Dumps\PC\CS_350Z_Customization.bin
		bin\Debug\net8.0-windows\Dumps\PC\CS_350Z_Parts.bin = bin\Debug\net8.0-windows\Dumps\PC\CS_350Z_Parts.bin
		bin\Debug\net8.0-windows\Dumps\PC\CS_350Z_Vinyl.bin = bin\Debug\net8.0-windows\Dumps\PC\CS_350Z_Vinyl.bin
		bin\Debug\net8.0-windows\Dumps\PC\CS_CAMARO_Customization.bin = bin\Debug\net8.0-windows\Dumps\PC\CS_CAMARO_Customization.bin
		bin\Debug\net8.0-windows\Dumps\PC\CS_CAMARO_Parts.bin = bin\Debug\net8.0-windows\Dumps\PC\CS_CAMARO_Parts.bin
		bin\Debug\net8.0-windows\Dumps\PC\CS_CAMARO_Vinyl.bin = bin\Debug\net8.0-windows\Dumps\PC\CS_CAMARO_Vinyl.bin
		bin\Debug\net8.0-windows\Dumps\PC\CS_CAYMANS_Customization.bin = bin\Debug\net8.0-windows\Dumps\PC\CS_CAYMANS_Customization.bin
		bin\Debug\net8.0-windows\Dumps\PC\CS_CAYMANS_Parts.bin = bin\Debug\net8.0-windows\Dumps\PC\CS_CAYMANS_Parts.bin
		bin\Debug\net8.0-windows\Dumps\PC\CS_CAYMANS_Vinyl.bin = bin\Debug\net8.0-windows\Dumps\PC\CS_CAYMANS_Vinyl.bin
		bin\Debug\net8.0-windows\Dumps\PC\CS_GALLARDO_Customization.bin = bin\Debug\net8.0-windows\Dumps\PC\CS_GALLARDO_Customization.bin
		bin\Debug\net8.0-windows\Dumps\PC\CS_GALLARDO_Parts.bin = bin\Debug\net8.0-windows\Dumps\PC\CS_GALLARDO_Parts.bin
		bin\Debug\net8.0-windows\Dumps\PC\CS_GALLARDO_Vinyl.bin = bin\Debug\net8.0-windows\Dumps\PC\CS_GALLARDO_Vinyl.bin
		bin\Debug\net8.0-windows\Dumps\PC\CS_MUSTANGGT_Customization.bin = bin\Debug\net8.0-windows\Dumps\PC\CS_MUSTANGGT_Customization.bin
		bin\Debug\net8.0-windows\Dumps\PC\CS_MUSTANGGT_Parts.bin = bin\Debug\net8.0-windows\Dumps\PC\CS_MUSTANGGT_Parts.bin
		bin\Debug\net8.0-windows\Dumps\PC\CS_MUSTANGGT_Vinyl.bin = bin\Debug\net8.0-windows\Dumps\PC\CS_MUSTANGGT_Vinyl.bin
		bin\Debug\net8.0-windows\Dumps\PC\CS_RX7_Customization.bin = bin\Debug\net8.0-windows\Dumps\PC\CS_RX7_Customization.bin
		bin\Debug\net8.0-windows\Dumps\PC\CS_RX7_Parts.bin = bin\Debug\net8.0-windows\Dumps\PC\CS_RX7_Parts.bin
		bin\Debug\net8.0-windows\Dumps\PC\CS_RX7_Vinyl.bin = bin\Debug\net8.0-windows\Dumps\PC\CS_RX7_Vinyl.bin
		bin\Debug\net8.0-windows\Dumps\PC\CS_RX8_Customization.bin = bin\Debug\net8.0-windows\Dumps\PC\CS_RX8_Customization.bin
		bin\Debug\net8.0-windows\Dumps\PC\CS_RX8_Parts.bin = bin\Debug\net8.0-windows\Dumps\PC\CS_RX8_Parts.bin
		bin\Debug\net8.0-windows\Dumps\PC\CS_RX8_Vinyl.bin = bin\Debug\net8.0-windows\Dumps\PC\CS_RX8_Vinyl.bin
		bin\Debug\net8.0-windows\Dumps\PC\CS_SKYLINE_Customization.bin = bin\Debug\net8.0-windows\Dumps\PC\CS_SKYLINE_Customization.bin
		bin\Debug\net8.0-windows\Dumps\PC\CS_SKYLINE_Parts.bin = bin\Debug\net8.0-windows\Dumps\PC\CS_SKYLINE_Parts.bin
		bin\Debug\net8.0-windows\Dumps\PC\CS_SKYLINE_Vinyl.bin = bin\Debug\net8.0-windows\Dumps\PC\CS_SKYLINE_Vinyl.bin
		bin\Debug\net8.0-windows\Dumps\PC\CS_SUPRA_Customization.bin = bin\Debug\net8.0-windows\Dumps\PC\CS_SUPRA_Customization.bin
		bin\Debug\net8.0-windows\Dumps\PC\CS_SUPRA_Parts.bin = bin\Debug\net8.0-windows\Dumps\PC\CS_SUPRA_Parts.bin
		bin\Debug\net8.0-windows\Dumps\PC\CS_SUPRA_Vinyl.bin = bin\Debug\net8.0-windows\Dumps\PC\CS_SUPRA_Vinyl.bin
		bin\Debug\net8.0-windows\Dumps\PC\DARIUS_Customization.bin = bin\Debug\net8.0-windows\Dumps\PC\DARIUS_Customization.bin
		bin\Debug\net8.0-windows\Dumps\PC\DARIUS_Parts.bin = bin\Debug\net8.0-windows\Dumps\PC\DARIUS_Parts.bin
		bin\Debug\net8.0-windows\Dumps\PC\DARIUS_Vinyl.bin = bin\Debug\net8.0-windows\Dumps\PC\DARIUS_Vinyl.bin
		bin\Debug\net8.0-windows\Dumps\PC\DEMO_VID_CARRERA_Customization.bin = bin\Debug\net8.0-windows\Dumps\PC\DEMO_VID_CARRERA_Customization.bin
		bin\Debug\net8.0-windows\Dumps\PC\DEMO_VID_CARRERA_Parts.bin = bin\Debug\net8.0-windows\Dumps\PC\DEMO_VID_CARRERA_Parts.bin
		bin\Debug\net8.0-windows\Dumps\PC\DEMO_VID_CARRERA_Vinyl.bin = bin\Debug\net8.0-windows\Dumps\PC\DEMO_VID_CARRERA_Vinyl.bin
		bin\Debug\net8.0-windows\Dumps\PC\DEMO_VID_CHALLENGER_Customization.bin = bin\Debug\net8.0-windows\Dumps\PC\DEMO_VID_CHALLENGER_Customization.bin
		bin\Debug\net8.0-windows\Dumps\PC\DEMO_VID_CHALLENGER_Parts.bin = bin\Debug\net8.0-windows\Dumps\PC\DEMO_VID_CHALLENGER_Parts.bin
		bin\Debug\net8.0-windows\Dumps\PC\DEMO_VID_CHALLENGER_Vinyl.bin = bin\Debug\net8.0-windows\Dumps\PC\DEMO_VID_CHALLENGER_Vinyl.bin
		bin\Debug\net8.0-windows\Dumps\PC\DEMO_VID_DB9_Customization.bin = bin\Debug\net8.0-windows\Dumps\PC\DEMO_VID_DB9_Customization.bin
		bin\Debug\net8.0-windows\Dumps\PC\DEMO_VID_DB9_Parts.bin = bin\Debug\net8.0-windows\Dumps\PC\DEMO_VID_DB9_Parts.bin
		bin\Debug\net8.0-windows\Dumps\PC\DEMO_VID_DB9_Vinyl.bin = bin\Debug\net8.0-windows\Dumps\PC\DEMO_VID_DB9_Vinyl.bin
		bin\Debug\net8.0-windows\Dumps\PC\DEMO_VID_GALLARDO_Customization.bin = bin\Debug\net8.0-windows\Dumps\PC\DEMO_VID_GALLARDO_Customization.bin
		bin\Debug\net8.0-windows\Dumps\PC\DEMO_VID_GALLARDO_Parts.bin = bin\Debug\net8.0-windows\Dumps\PC\DEMO_VID_GALLARDO_Parts.bin
		bin\Debug\net8.0-windows\Dumps\PC\DEMO_VID_GALLARDO_Vinyl.bin = bin\Debug\net8.0-windows\Dumps\PC\DEMO_VID_GALLARDO_Vinyl.bin
		bin\Debug\net8.0-windows\Dumps\PC\DEMO_VID_LANCER_Customization.bin = bin\Debug\net8.0-windows\Dumps\PC\DEMO_VID_LANCER_Customization.bin
		bin\Debug\net8.0-windows\Dumps\PC\DEMO_VID_LANCER_Parts.bin = bin\Debug\net8.0-windows\Dumps\PC\DEMO_VID_LANCER_Parts.bin
		bin\Debug\net8.0-windows\Dumps\PC\DEMO_VID_LANCER_Vinyl.bin = bin\Debug\net8.0-windows\Dumps\PC\DEMO_VID_LANCER_Vinyl.bin
		bin\Debug\net8.0-windows\Dumps\PC\DSL_CHALLENGER_Customization.bin = bin\Debug\net8.0-windows\Dumps\PC\DSL_CHALLENGER_Customization.bin
		bin\Debug\net8.0-windows\Dumps\PC\DSL_CHALLENGER_Parts.bin = bin\Debug\net8.0-windows\Dumps\PC\DSL_CHALLENGER_Parts.bin
		bin\Debug\net8.0-windows\Dumps\PC\DSL_CHALLENGER_Vinyl.bin = bin\Debug\net8.0-windows\Dumps\PC\DSL_CHALLENGER_Vinyl.bin
		bin\Debug\net8.0-windows\Dumps\PC\DSL_EVO2_Customization.bin = bin\Debug\net8.0-windows\Dumps\PC\DSL_EVO2_Customization.bin
		bin\Debug\net8.0-windows\Dumps\PC\DSL_EVO2_Parts.bin = bin\Debug\net8.0-windows\Dumps\PC\DSL_EVO2_Parts.bin
		bin\Debug\net8.0-windows\Dumps\PC\DSL_EVO2_Vinyl.bin = bin\Debug\net8.0-windows\Dumps\PC\DSL_EVO2_Vinyl.bin
		bin\Debug\net8.0-windows\Dumps\PC\DSL_EVO_Customization.bin = bin\Debug\net8.0-windows\Dumps\PC\DSL_EVO_Customization.bin
		bin\Debug\net8.0-windows\Dumps\PC\DSL_EVO_Parts.bin = bin\Debug\net8.0-windows\Dumps\PC\DSL_EVO_Parts.bin
		bin\Debug\net8.0-windows\Dumps\PC\DSL_EVO_Vinyl.bin = bin\Debug\net8.0-windows\Dumps\PC\DSL_EVO_Vinyl.bin
		bin\Debug\net8.0-windows\Dumps\PC\DSL_GALLARDO_Customization.bin = bin\Debug\net8.0-windows\Dumps\PC\DSL_GALLARDO_Customization.bin
		bin\Debug\net8.0-windows\Dumps\PC\DSL_GALLARDO_Parts.bin = bin\Debug\net8.0-windows\Dumps\PC\DSL_GALLARDO_Parts.bin
		bin\Debug\net8.0-windows\Dumps\PC\DSL_GALLARDO_Vinyl.bin = bin\Debug\net8.0-windows\Dumps\PC\DSL_GALLARDO_Vinyl.bin
		bin\Debug\net8.0-windows\Dumps\PC\ECLIPSE_2_Customization.bin = bin\Debug\net8.0-windows\Dumps\PC\ECLIPSE_2_Customization.bin
		bin\Debug\net8.0-windows\Dumps\PC\ECLIPSE_2_Parts.bin = bin\Debug\net8.0-windows\Dumps\PC\ECLIPSE_2_Parts.bin
		bin\Debug\net8.0-windows\Dumps\PC\ECLIPSE_2_Vinyl.bin = bin\Debug\net8.0-windows\Dumps\PC\ECLIPSE_2_Vinyl.bin
		bin\Debug\net8.0-windows\Dumps\PC\EUROPA_2_Customization.bin = bin\Debug\net8.0-windows\Dumps\PC\EUROPA_2_Customization.bin
		bin\Debug\net8.0-windows\Dumps\PC\EUROPA_2_Parts.bin = bin\Debug\net8.0-windows\Dumps\PC\EUROPA_2_Parts.bin
		bin\Debug\net8.0-windows\Dumps\PC\EUROPA_2_Vinyl.bin = bin\Debug\net8.0-windows\Dumps\PC\EUROPA_2_Vinyl.bin
		bin\Debug\net8.0-windows\Dumps\PC\FOOTMAN_Customization.bin = bin\Debug\net8.0-windows\Dumps\PC\FOOTMAN_Customization.bin
		bin\Debug\net8.0-windows\Dumps\PC\FOOTMAN_Parts.bin = bin\Debug\net8.0-windows\Dumps\PC\FOOTMAN_Parts.bin
		bin\Debug\net8.0-windows\Dumps\PC\FOOTMAN_Vinyl.bin = bin\Debug\net8.0-windows\Dumps\PC\FOOTMAN_Vinyl.bin
		bin\Debug\net8.0-windows\Dumps\PC\GTO_2_Customization.bin = bin\Debug\net8.0-windows\Dumps\PC\GTO_2_Customization.bin
		bin\Debug\net8.0-windows\Dumps\PC\GTO_2_Parts.bin = bin\Debug\net8.0-windows\Dumps\PC\GTO_2_Parts.bin
		bin\Debug\net8.0-windows\Dumps\PC\GTO_2_Vinyl.bin = bin\Debug\net8.0-windows\Dumps\PC\GTO_2_Vinyl.bin
		bin\Debug\net8.0-windows\Dumps\PC\IS300_2_Customization.bin = bin\Debug\net8.0-windows\Dumps\PC\IS300_2_Customization.bin
		bin\Debug\net8.0-windows\Dumps\PC\IS300_2_Parts.bin = bin\Debug\net8.0-windows\Dumps\PC\IS300_2_Parts.bin
		bin\Debug\net8.0-windows\Dumps\PC\IS300_2_Vinyl.bin = bin\Debug\net8.0-windows\Dumps\PC\IS300_2_Vinyl.bin
		bin\Debug\net8.0-windows\Dumps\PC\Kenji Game.bin = bin\Debug\net8.0-windows\Dumps\PC\Kenji Game.bin
		bin\Debug\net8.0-windows\Dumps\PC\KENJI_Customization.bin = bin\Debug\net8.0-windows\Dumps\PC\KENJI_Customization.bin
		bin\Debug\net8.0-windows\Dumps\PC\KENJI_Parts.bin = bin\Debug\net8.0-windows\Dumps\PC\KENJI_Parts.bin
		bin\Debug\net8.0-windows\Dumps\PC\KENJI_Vinyl.bin = bin\Debug\net8.0-windows\Dumps\PC\KENJI_Vinyl.bin
		bin\Debug\net8.0-windows\Dumps\PC\LE_SAMURAI_Customization.bin = bin\Debug\net8.0-windows\Dumps\PC\LE_SAMURAI_Customization.bin
		bin\Debug\net8.0-windows\Dumps\PC\LE_SAMURAI_Parts.bin = bin\Debug\net8.0-windows\Dumps\PC\LE_SAMURAI_Parts.bin
		bin\Debug\net8.0-windows\Dumps\PC\LE_SAMURAI_Vinyl.bin = bin\Debug\net8.0-windows\Dumps\PC\LE_SAMURAI_Vinyl.bin
		bin\Debug\net8.0-windows\Dumps\PC\M3GTRCAREERSTART_Customization.bin = bin\Debug\net8.0-windows\Dumps\PC\M3GTRCAREERSTART_Customization.bin
		bin\Debug\net8.0-windows\Dumps\PC\M3GTRCAREERSTART_Parts.bin = bin\Debug\net8.0-windows\Dumps\PC\M3GTRCAREERSTART_Parts.bin
		bin\Debug\net8.0-windows\Dumps\PC\M3GTRCAREERSTART_Vinyl.bin = bin\Debug\net8.0-windows\Dumps\PC\M3GTRCAREERSTART_Vinyl.bin
		bin\Debug\net8.0-windows\Dumps\PC\MR2_2_Customization.bin = bin\Debug\net8.0-windows\Dumps\PC\MR2_2_Customization.bin
		bin\Debug\net8.0-windows\Dumps\PC\MR2_2_Parts.bin = bin\Debug\net8.0-windows\Dumps\PC\MR2_2_Parts.bin
		bin\Debug\net8.0-windows\Dumps\PC\MR2_2_Vinyl.bin = bin\Debug\net8.0-windows\Dumps\PC\MR2_2_Vinyl.bin
		bin\Debug\net8.0-windows\Dumps\PC\MUSCLE_2_Customization.bin = bin\Debug\net8.0-windows\Dumps\PC\MUSCLE_2_Customization.bin
		bin\Debug\net8.0-windows\Dumps\PC\MUSCLE_2_Parts.bin = bin\Debug\net8.0-windows\Dumps\PC\MUSCLE_2_Parts.bin
		bin\Debug\net8.0-windows\Dumps\PC\MUSCLE_2_Vinyl.bin = bin\Debug\net8.0-windows\Dumps\PC\MUSCLE_2_Vinyl.bin
		bin\Debug\net8.0-windows\Dumps\PC\NIKKI_Customization.bin = bin\Debug\net8.0-windows\Dumps\PC\NIKKI_Customization.bin
		bin\Debug\net8.0-windows\Dumps\PC\NIKKI_Parts.bin = bin\Debug\net8.0-windows\Dumps\PC\NIKKI_Parts.bin
		bin\Debug\net8.0-windows\Dumps\PC\NIKKI_Vinyl.bin = bin\Debug\net8.0-windows\Dumps\PC\NIKKI_Vinyl.bin
		bin\Debug\net8.0-windows\Dumps\PC\REVVED_Customization.bin = bin\Debug\net8.0-windows\Dumps\PC\REVVED_Customization.bin
		bin\Debug\net8.0-windows\Dumps\PC\REVVED_Parts.bin = bin\Debug\net8.0-windows\Dumps\PC\REVVED_Parts.bin
		bin\Debug\net8.0-windows\Dumps\PC\REVVED_Vinyl.bin = bin\Debug\net8.0-windows\Dumps\PC\REVVED_Vinyl.bin
		bin\Debug\net8.0-windows\Dumps\PC\ROADRUNNER_2_Customization.bin = bin\Debug\net8.0-windows\Dumps\PC\ROADRUNNER_2_Customization.bin
		bin\Debug\net8.0-windows\Dumps\PC\ROADRUNNER_2_Parts.bin = bin\Debug\net8.0-windows\Dumps\PC\ROADRUNNER_2_Parts.bin
		bin\Debug\net8.0-windows\Dumps\PC\ROADRUNNER_2_Vinyl.bin = bin\Debug\net8.0-windows\Dumps\PC\ROADRUNNER_2_Vinyl.bin
		bin\Debug\net8.0-windows\Dumps\PC\SAMSON_Customization.bin = bin\Debug\net8.0-windows\Dumps\PC\SAMSON_Customization.bin
		bin\Debug\net8.0-windows\Dumps\PC\SAMSON_Parts.bin = bin\Debug\net8.0-windows\Dumps\PC\SAMSON_Parts.bin
		bin\Debug\net8.0-windows\Dumps\PC\SAMSON_Vinyl.bin = bin\Debug\net8.0-windows\Dumps\PC\SAMSON_Vinyl.bin
		bin\Debug\net8.0-windows\Dumps\PC\T1_COLIN_Customization.bin = bin\Debug\net8.0-windows\Dumps\PC\T1_COLIN_Customization.bin
		bin\Debug\net8.0-windows\Dumps\PC\T1_COLIN_Parts.bin = bin\Debug\net8.0-windows\Dumps\PC\T1_COLIN_Parts.bin
		bin\Debug\net8.0-windows\Dumps\PC\T1_COLIN_Vinyl.bin = bin\Debug\net8.0-windows\Dumps\PC\T1_COLIN_Vinyl.bin
		bin\Debug\net8.0-windows\Dumps\PC\T1_EXOTIC_NEVILLE_Customization.bin = bin\Debug\net8.0-windows\Dumps\PC\T1_EXOTIC_NEVILLE_Customization.bin
		bin\Debug\net8.0-windows\Dumps\PC\T1_EXOTIC_NEVILLE_Parts.bin = bin\Debug\net8.0-windows\Dumps\PC\T1_EXOTIC_NEVILLE_Parts.bin
		bin\Debug\net8.0-windows\Dumps\PC\T1_EXOTIC_NEVILLE_Vinyl.bin = bin\Debug\net8.0-windows\Dumps\PC\T1_EXOTIC_NEVILLE_Vinyl.bin
		bin\Debug\net8.0-windows\Dumps\PC\T1_EXOTIC_SAL_Customization.bin = bin\Debug\net8.0-windows\Dumps\PC\T1_EXOTIC_SAL_Customization.bin
		bin\Debug\net8.0-windows\Dumps\PC\T1_EXOTIC_SAL_Parts.bin = bin\Debug\net8.0-windows\Dumps\PC\T1_EXOTIC_SAL_Parts.bin
		bin\Debug\net8.0-windows\Dumps\PC\T1_EXOTIC_SAL_Vinyl.bin = bin\Debug\net8.0-windows\Dumps\PC\T1_EXOTIC_SAL_Vinyl.bin
		bin\Debug\net8.0-windows\Dumps\PC\T1_MUSCLE_NEVILLE_Customization.bin = bin\Debug\net8.0-windows\Dumps\PC\T1_MUSCLE_NEVILLE_Customization.bin
		bin\Debug\net8.0-windows\Dumps\PC\T1_MUSCLE_NEVILLE_Parts.bin = bin\Debug\net8.0-windows\Dumps\PC\T1_MUSCLE_NEVILLE_Parts.bin
		bin\Debug\net8.0-windows\Dumps\PC\T1_MUSCLE_NEVILLE_Vinyl.bin = bin\Debug\net8.0-windows\Dumps\PC\T1_MUSCLE_NEVILLE_Vinyl.bin
		bin\Debug\net8.0-windows\Dumps\PC\T1_MUSCLE_SAL_Customization.bin = bin\Debug\net8.0-windows\Dumps\PC\T1_MUSCLE_SAL_Customization.bin
		bin\Debug\net8.0-windows\Dumps\PC\T1_MUSCLE_SAL_Parts.bin = bin\Debug\net8.0-windows\Dumps\PC\T1_MUSCLE_SAL_Parts.bin
		bin\Debug\net8.0-windows\Dumps\PC\T1_MUSCLE_SAL_Vinyl.bin = bin\Debug\net8.0-windows\Dumps\PC\T1_MUSCLE_SAL_Vinyl.bin
		bin\Debug\net8.0-windows\Dumps\PC\T1_NIKKI_Customization.bin = bin\Debug\net8.0-windows\Dumps\PC\T1_NIKKI_Customization.bin
		bin\Debug\net8.0-windows\Dumps\PC\T1_NIKKI_Parts.bin = bin\Debug\net8.0-windows\Dumps\PC\T1_NIKKI_Parts.bin
		bin\Debug\net8.0-windows\Dumps\PC\T1_NIKKI_Vinyl.bin = bin\Debug\net8.0-windows\Dumps\PC\T1_NIKKI_Vinyl.bin
		bin\Debug\net8.0-windows\Dumps\PC\T1_TUNER_NEVILLE_Customization.bin = bin\Debug\net8.0-windows\Dumps\PC\T1_TUNER_NEVILLE_Customization.bin
		bin\Debug\net8.0-windows\Dumps\PC\T1_TUNER_NEVILLE_Parts.bin = bin\Debug\net8.0-windows\Dumps\PC\T1_TUNER_NEVILLE_Parts.bin
		bin\Debug\net8.0-windows\Dumps\PC\T1_TUNER_NEVILLE_Vinyl.bin = bin\Debug\net8.0-windows\Dumps\PC\T1_TUNER_NEVILLE_Vinyl.bin
		bin\Debug\net8.0-windows\Dumps\PC\T1_TUNER_SAL_Customization.bin = bin\Debug\net8.0-windows\Dumps\PC\T1_TUNER_SAL_Customization.bin
		bin\Debug\net8.0-windows\Dumps\PC\T1_TUNER_SAL_Parts.bin = bin\Debug\net8.0-windows\Dumps\PC\T1_TUNER_SAL_Parts.bin
		bin\Debug\net8.0-windows\Dumps\PC\T1_TUNER_SAL_Vinyl.bin = bin\Debug\net8.0-windows\Dumps\PC\T1_TUNER_SAL_Vinyl.bin
		bin\Debug\net8.0-windows\Dumps\PC\T1_YUMI_Customization.bin = bin\Debug\net8.0-windows\Dumps\PC\T1_YUMI_Customization.bin
		bin\Debug\net8.0-windows\Dumps\PC\T1_YUMI_Parts.bin = bin\Debug\net8.0-windows\Dumps\PC\T1_YUMI_Parts.bin
		bin\Debug\net8.0-windows\Dumps\PC\T1_YUMI_Vinyl.bin = bin\Debug\net8.0-windows\Dumps\PC\T1_YUMI_Vinyl.bin
		bin\Debug\net8.0-windows\Dumps\PC\T2_EXOTIC_NEVILLE_Customization.bin = bin\Debug\net8.0-windows\Dumps\PC\T2_EXOTIC_NEVILLE_Customization.bin
		bin\Debug\net8.0-windows\Dumps\PC\T2_EXOTIC_NEVILLE_Parts.bin = bin\Debug\net8.0-windows\Dumps\PC\T2_EXOTIC_NEVILLE_Parts.bin
		bin\Debug\net8.0-windows\Dumps\PC\T2_EXOTIC_NEVILLE_Vinyl.bin = bin\Debug\net8.0-windows\Dumps\PC\T2_EXOTIC_NEVILLE_Vinyl.bin
		bin\Debug\net8.0-windows\Dumps\PC\T2_EXOTIC_SAL_Customization.bin = bin\Debug\net8.0-windows\Dumps\PC\T2_EXOTIC_SAL_Customization.bin
		bin\Debug\net8.0-windows\Dumps\PC\T2_EXOTIC_SAL_Parts.bin = bin\Debug\net8.0-windows\Dumps\PC\T2_EXOTIC_SAL_Parts.bin
		bin\Debug\net8.0-windows\Dumps\PC\T2_EXOTIC_SAL_Vinyl.bin = bin\Debug\net8.0-windows\Dumps\PC\T2_EXOTIC_SAL_Vinyl.bin
		bin\Debug\net8.0-windows\Dumps\PC\T2_MUSCLE_NEVILLE_Customization.bin = bin\Debug\net8.0-windows\Dumps\PC\T2_MUSCLE_NEVILLE_Customization.bin
		bin\Debug\net8.0-windows\Dumps\PC\T2_MUSCLE_NEVILLE_Parts.bin = bin\Debug\net8.0-windows\Dumps\PC\T2_MUSCLE_NEVILLE_Parts.bin
		bin\Debug\net8.0-windows\Dumps\PC\T2_MUSCLE_NEVILLE_Vinyl.bin = bin\Debug\net8.0-windows\Dumps\PC\T2_MUSCLE_NEVILLE_Vinyl.bin
		bin\Debug\net8.0-windows\Dumps\PC\T2_MUSCLE_SAL_Customization.bin = bin\Debug\net8.0-windows\Dumps\PC\T2_MUSCLE_SAL_Customization.bin
		bin\Debug\net8.0-windows\Dumps\PC\T2_MUSCLE_SAL_Parts.bin = bin\Debug\net8.0-windows\Dumps\PC\T2_MUSCLE_SAL_Parts.bin
		bin\Debug\net8.0-windows\Dumps\PC\T2_MUSCLE_SAL_Vinyl.bin = bin\Debug\net8.0-windows\Dumps\PC\T2_MUSCLE_SAL_Vinyl.bin
		bin\Debug\net8.0-windows\Dumps\PC\T2_NIKKI_Customization.bin = bin\Debug\net8.0-windows\Dumps\PC\T2_NIKKI_Customization.bin
		bin\Debug\net8.0-windows\Dumps\PC\T2_NIKKI_Parts.bin = bin\Debug\net8.0-windows\Dumps\PC\T2_NIKKI_Parts.bin
		bin\Debug\net8.0-windows\Dumps\PC\T2_NIKKI_Vinyl.bin = bin\Debug\net8.0-windows\Dumps\PC\T2_NIKKI_Vinyl.bin
		bin\Debug\net8.0-windows\Dumps\PC\T2_TUNER_NEVILLE_Customization.bin = bin\Debug\net8.0-windows\Dumps\PC\T2_TUNER_NEVILLE_Customization.bin
		bin\Debug\net8.0-windows\Dumps\PC\T2_TUNER_NEVILLE_Parts.bin = bin\Debug\net8.0-windows\Dumps\PC\T2_TUNER_NEVILLE_Parts.bin
		bin\Debug\net8.0-windows\Dumps\PC\T2_TUNER_NEVILLE_Vinyl.bin = bin\Debug\net8.0-windows\Dumps\PC\T2_TUNER_NEVILLE_Vinyl.bin
		bin\Debug\net8.0-windows\Dumps\PC\T3_COLIN_Customization.bin = bin\Debug\net8.0-windows\Dumps\PC\T3_COLIN_Customization.bin
		bin\Debug\net8.0-windows\Dumps\PC\T3_COLIN_Parts.bin = bin\Debug\net8.0-windows\Dumps\PC\T3_COLIN_Parts.bin
		bin\Debug\net8.0-windows\Dumps\PC\T3_COLIN_Vinyl.bin = bin\Debug\net8.0-windows\Dumps\PC\T3_COLIN_Vinyl.bin
		bin\Debug\net8.0-windows\Dumps\PC\T3_EXOTIC_NEVILLE_Customization.bin = bin\Debug\net8.0-windows\Dumps\PC\T3_EXOTIC_NEVILLE_Customization.bin
		bin\Debug\net8.0-windows\Dumps\PC\T3_EXOTIC_NEVILLE_Parts.bin = bin\Debug\net8.0-windows\Dumps\PC\T3_EXOTIC_NEVILLE_Parts.bin
		bin\Debug\net8.0-windows\Dumps\PC\T3_EXOTIC_NEVILLE_Vinyl.bin = bin\Debug\net8.0-windows\Dumps\PC\T3_EXOTIC_NEVILLE_Vinyl.bin
		bin\Debug\net8.0-windows\Dumps\PC\T3_EXOTIC_SAL_Customization.bin = bin\Debug\net8.0-windows\Dumps\PC\T3_EXOTIC_SAL_Customization.bin
		bin\Debug\net8.0-windows\Dumps\PC\T3_EXOTIC_SAL_Parts.bin = bin\Debug\net8.0-windows\Dumps\PC\T3_EXOTIC_SAL_Parts.bin
		bin\Debug\net8.0-windows\Dumps\PC\T3_EXOTIC_SAL_Vinyl.bin = bin\Debug\net8.0-windows\Dumps\PC\T3_EXOTIC_SAL_Vinyl.bin
		bin\Debug\net8.0-windows\Dumps\PC\T3_MUSCLE_NEVILLE_Customization.bin = bin\Debug\net8.0-windows\Dumps\PC\T3_MUSCLE_NEVILLE_Customization.bin
		bin\Debug\net8.0-windows\Dumps\PC\T3_MUSCLE_NEVILLE_Parts.bin = bin\Debug\net8.0-windows\Dumps\PC\T3_MUSCLE_NEVILLE_Parts.bin
		bin\Debug\net8.0-windows\Dumps\PC\T3_MUSCLE_NEVILLE_Vinyl.bin = bin\Debug\net8.0-windows\Dumps\PC\T3_MUSCLE_NEVILLE_Vinyl.bin
		bin\Debug\net8.0-windows\Dumps\PC\T3_MUSCLE_SAL_Customization.bin = bin\Debug\net8.0-windows\Dumps\PC\T3_MUSCLE_SAL_Customization.bin
		bin\Debug\net8.0-windows\Dumps\PC\T3_MUSCLE_SAL_Parts.bin = bin\Debug\net8.0-windows\Dumps\PC\T3_MUSCLE_SAL_Parts.bin
		bin\Debug\net8.0-windows\Dumps\PC\T3_MUSCLE_SAL_Vinyl.bin = bin\Debug\net8.0-windows\Dumps\PC\T3_MUSCLE_SAL_Vinyl.bin
		bin\Debug\net8.0-windows\Dumps\PC\T3_SAMSON_Customization.bin = bin\Debug\net8.0-windows\Dumps\PC\T3_SAMSON_Customization.bin
		bin\Debug\net8.0-windows\Dumps\PC\T3_SAMSON_Parts.bin = bin\Debug\net8.0-windows\Dumps\PC\T3_SAMSON_Parts.bin
		bin\Debug\net8.0-windows\Dumps\PC\T3_SAMSON_Vinyl.bin = bin\Debug\net8.0-windows\Dumps\PC\T3_SAMSON_Vinyl.bin
		bin\Debug\net8.0-windows\Dumps\PC\T3_TUNER_NEVILLE_Customization.bin = bin\Debug\net8.0-windows\Dumps\PC\T3_TUNER_NEVILLE_Customization.bin
		bin\Debug\net8.0-windows\Dumps\PC\T3_TUNER_NEVILLE_Parts.bin = bin\Debug\net8.0-windows\Dumps\PC\T3_TUNER_NEVILLE_Parts.bin
		bin\Debug\net8.0-windows\Dumps\PC\T3_TUNER_NEVILLE_Vinyl.bin = bin\Debug\net8.0-windows\Dumps\PC\T3_TUNER_NEVILLE_Vinyl.bin
		bin\Debug\net8.0-windows\Dumps\PC\T3_TUNER_SAL_Customization.bin = bin\Debug\net8.0-windows\Dumps\PC\T3_TUNER_SAL_Customization.bin
		bin\Debug\net8.0-windows\Dumps\PC\T3_TUNER_SAL_Parts.bin = bin\Debug\net8.0-windows\Dumps\PC\T3_TUNER_SAL_Parts.bin
		bin\Debug\net8.0-windows\Dumps\PC\T3_TUNER_SAL_Vinyl.bin = bin\Debug\net8.0-windows\Dumps\PC\T3_TUNER_SAL_Vinyl.bin
		bin\Debug\net8.0-windows\Dumps\PC\T3_YUMI_Customization.bin = bin\Debug\net8.0-windows\Dumps\PC\T3_YUMI_Customization.bin
		bin\Debug\net8.0-windows\Dumps\PC\T3_YUMI_Parts.bin = bin\Debug\net8.0-windows\Dumps\PC\T3_YUMI_Parts.bin
		bin\Debug\net8.0-windows\Dumps\PC\T3_YUMI_Vinyl.bin = bin\Debug\net8.0-windows\Dumps\PC\T3_YUMI_Vinyl.bin
		bin\Debug\net8.0-windows\Dumps\PC\TUNER_2_Customization.bin = bin\Debug\net8.0-windows\Dumps\PC\TUNER_2_Customization.bin
		bin\Debug\net8.0-windows\Dumps\PC\TUNER_2_Parts.bin = bin\Debug\net8.0-windows\Dumps\PC\TUNER_2_Parts.bin
		bin\Debug\net8.0-windows\Dumps\PC\TUNER_2_Vinyl.bin = bin\Debug\net8.0-windows\Dumps\PC\TUNER_2_Vinyl.bin
		bin\Debug\net8.0-windows\Dumps\PC\WOLF_CASINO_Customization.bin = bin\Debug\net8.0-windows\Dumps\PC\WOLF_CASINO_Customization.bin
		bin\Debug\net8.0-windows\Dumps\PC\WOLF_CASINO_Parts.bin = bin\Debug\net8.0-windows\Dumps\PC\WOLF_CASINO_Parts.bin
		bin\Debug\net8.0-windows\Dumps\PC\WOLF_CASINO_Vinyl.bin = bin\Debug\net8.0-windows\Dumps\PC\WOLF_CASINO_Vinyl.bin
		bin\Debug\net8.0-windows\Dumps\PC\WOLF_Customization.bin = bin\Debug\net8.0-windows\Dumps\PC\WOLF_Customization.bin
		bin\Debug\net8.0-windows\Dumps\PC\WOLF_Parts.bin = bin\Debug\net8.0-windows\Dumps\PC\WOLF_Parts.bin
		bin\Debug\net8.0-windows\Dumps\PC\WOLF_Vinyl.bin = bin\Debug\net8.0-windows\Dumps\PC\WOLF_Vinyl.bin
	EndProjectSection
EndProject
Project("{2150E333-8FDC-42A3-9474-1A3956D46DE8}") = "Xbox #60", "Xbox #60", "{FBAE817F-46A1-4B01-80CA-E1A4CBC8E067}"
	ProjectSection(SolutionItems) = preProject
		bin\Debug\net8.0-windows\Dumps\PC\ANGIE_CASINO_Customization.bin = bin\Debug\net8.0-windows\Dumps\PC\ANGIE_CASINO_Customization.bin
		bin\Debug\net8.0-windows\Dumps\PC\ANGIE_CASINO_Parts.bin = bin\Debug\net8.0-windows\Dumps\PC\ANGIE_CASINO_Parts.bin
		bin\Debug\net8.0-windows\Dumps\PC\ANGIE_CASINO_Vinyl.bin = bin\Debug\net8.0-windows\Dumps\PC\ANGIE_CASINO_Vinyl.bin
		bin\Debug\net8.0-windows\Dumps\PC\ANGIE_Customization.bin = bin\Debug\net8.0-windows\Dumps\PC\ANGIE_Customization.bin
		bin\Debug\net8.0-windows\Dumps\PC\ANGIE_Parts.bin = bin\Debug\net8.0-windows\Dumps\PC\ANGIE_Parts.bin
		bin\Debug\net8.0-windows\Dumps\PC\ANGIE_Vinyl.bin = bin\Debug\net8.0-windows\Dumps\PC\ANGIE_Vinyl.bin
		bin\Debug\net8.0-windows\Dumps\PC\BMWM3GTRE46_CROSSCHASE_Customization.bin = bin\Debug\net8.0-windows\Dumps\PC\BMWM3GTRE46_CROSSCHASE_Customization.bin
		bin\Debug\net8.0-windows\Dumps\PC\BMWM3GTRE46_CROSSCHASE_Parts.bin = bin\Debug\net8.0-windows\Dumps\PC\BMWM3GTRE46_CROSSCHASE_Parts.bin
		bin\Debug\net8.0-windows\Dumps\PC\BMWM3GTRE46_CROSSCHASE_Vinyl.bin = bin\Debug\net8.0-windows\Dumps\PC\BMWM3GTRE46_CROSSCHASE_Vinyl.bin
		bin\Debug\net8.0-windows\Dumps\PC\CARRERA_GRNP7_Customization.bin = bin\Debug\net8.0-windows\Dumps\PC\CARRERA_GRNP7_Customization.bin
		bin\Debug\net8.0-windows\Dumps\PC\CARRERA_GRNP7_Parts.bin = bin\Debug\net8.0-windows\Dumps\PC\CARRERA_GRNP7_Parts.bin
		bin\Debug\net8.0-windows\Dumps\PC\CARRERA_GRNP7_Vinyl.bin = bin\Debug\net8.0-windows\Dumps\PC\CARRERA_GRNP7_Vinyl.bin
		bin\Debug\net8.0-windows\Dumps\PC\CE_240SX_Customization.bin = bin\Debug\net8.0-windows\Dumps\PC\CE_240SX_Customization.bin
		bin\Debug\net8.0-windows\Dumps\PC\CE_240SX_Parts.bin = bin\Debug\net8.0-windows\Dumps\PC\CE_240SX_Parts.bin
		bin\Debug\net8.0-windows\Dumps\PC\CE_240SX_Vinyl.bin = bin\Debug\net8.0-windows\Dumps\PC\CE_240SX_Vinyl.bin
		bin\Debug\net8.0-windows\Dumps\PC\CE_350Z_Customization.bin = bin\Debug\net8.0-windows\Dumps\PC\CE_350Z_Customization.bin
		bin\Debug\net8.0-windows\Dumps\PC\CE_350Z_Parts.bin = bin\Debug\net8.0-windows\Dumps\PC\CE_350Z_Parts.bin
		bin\Debug\net8.0-windows\Dumps\PC\CE_350Z_Vinyl.bin = bin\Debug\net8.0-windows\Dumps\PC\CE_350Z_Vinyl.bin
		bin\Debug\net8.0-windows\Dumps\PC\CE_CARRERA_GT_Customization.bin = bin\Debug\net8.0-windows\Dumps\PC\CE_CARRERA_GT_Customization.bin
		bin\Debug\net8.0-windows\Dumps\PC\CE_CARRERA_GT_Parts.bin = bin\Debug\net8.0-windows\Dumps\PC\CE_CARRERA_GT_Parts.bin
		bin\Debug\net8.0-windows\Dumps\PC\CE_CARRERA_GT_Vinyl.bin = bin\Debug\net8.0-windows\Dumps\PC\CE_CARRERA_GT_Vinyl.bin
		bin\Debug\net8.0-windows\Dumps\PC\CE_CHALLENGER_Customization.bin = bin\Debug\net8.0-windows\Dumps\PC\CE_CHALLENGER_Customization.bin
		bin\Debug\net8.0-windows\Dumps\PC\CE_CHALLENGER_Parts.bin = bin\Debug\net8.0-windows\Dumps\PC\CE_CHALLENGER_Parts.bin
		bin\Debug\net8.0-windows\Dumps\PC\CE_CHALLENGER_Vinyl.bin = bin\Debug\net8.0-windows\Dumps\PC\CE_CHALLENGER_Vinyl.bin
		bin\Debug\net8.0-windows\Dumps\PC\CE_CHARGER_Customization.bin = bin\Debug\net8.0-windows\Dumps\PC\CE_CHARGER_Customization.bin
		bin\Debug\net8.0-windows\Dumps\PC\CE_CHARGER_Parts.bin = bin\Debug\net8.0-windows\Dumps\PC\CE_CHARGER_Parts.bin
		bin\Debug\net8.0-windows\Dumps\PC\CE_CHARGER_Vinyl.bin = bin\Debug\net8.0-windows\Dumps\PC\CE_CHARGER_Vinyl.bin
		bin\Debug\net8.0-windows\Dumps\PC\CE_GT500_Customization.bin = bin\Debug\net8.0-windows\Dumps\PC\CE_GT500_Customization.bin
		bin\Debug\net8.0-windows\Dumps\PC\CE_GT500_Parts.bin = bin\Debug\net8.0-windows\Dumps\PC\CE_GT500_Parts.bin
		bin\Debug\net8.0-windows\Dumps\PC\CE_GT500_Vinyl.bin = bin\Debug\net8.0-windows\Dumps\PC\CE_GT500_Vinyl.bin
		bin\Debug\net8.0-windows\Dumps\PC\CE_IMPREZA_Customization.bin = bin\Debug\net8.0-windows\Dumps\PC\CE_IMPREZA_Customization.bin
		bin\Debug\net8.0-windows\Dumps\PC\CE_IMPREZA_Parts.bin = bin\Debug\net8.0-windows\Dumps\PC\CE_IMPREZA_Parts.bin
		bin\Debug\net8.0-windows\Dumps\PC\CE_IMPREZA_Vinyl.bin = bin\Debug\net8.0-windows\Dumps\PC\CE_IMPREZA_Vinyl.bin
		bin\Debug\net8.0-windows\Dumps\PC\CE_MURCIELAGO_Customization.bin = bin\Debug\net8.0-windows\Dumps\PC\CE_MURCIELAGO_Customization.bin
		bin\Debug\net8.0-windows\Dumps\PC\CE_MURCIELAGO_Parts.bin = bin\Debug\net8.0-windows\Dumps\PC\CE_MURCIELAGO_Parts.bin
		bin\Debug\net8.0-windows\Dumps\PC\CE_MURCIELAGO_Vinyl.bin = bin\Debug\net8.0-windows\Dumps\PC\CE_MURCIELAGO_Vinyl.bin
		bin\Debug\net8.0-windows\Dumps\PC\CE_SKYLINE_Customization.bin = bin\Debug\net8.0-windows\Dumps\PC\CE_SKYLINE_Customization.bin
		bin\Debug\net8.0-windows\Dumps\PC\CE_SKYLINE_Parts.bin = bin\Debug\net8.0-windows\Dumps\PC\CE_SKYLINE_Parts.bin
		bin\Debug\net8.0-windows\Dumps\PC\CE_SKYLINE_Vinyl.bin = bin\Debug\net8.0-windows\Dumps\PC\CE_SKYLINE_Vinyl.bin
		bin\Debug\net8.0-windows\Dumps\PC\CE_SL65_Customization.bin = bin\Debug\net8.0-windows\Dumps\PC\CE_SL65_Customization.bin
		bin\Debug\net8.0-windows\Dumps\PC\CE_SL65_Parts.bin = bin\Debug\net8.0-windows\Dumps\PC\CE_SL65_Parts.bin
		bin\Debug\net8.0-windows\Dumps\PC\CE_SL65_Vinyl.bin = bin\Debug\net8.0-windows\Dumps\PC\CE_SL65_Vinyl.bin
		bin\Debug\net8.0-windows\Dumps\PC\CHEVELLE_2_Customization.bin = bin\Debug\net8.0-windows\Dumps\PC\CHEVELLE_2_Customization.bin
		bin\Debug\net8.0-windows\Dumps\PC\CHEVELLE_2_Parts.bin = bin\Debug\net8.0-windows\Dumps\PC\CHEVELLE_2_Parts.bin
		bin\Debug\net8.0-windows\Dumps\PC\CHEVELLE_2_Vinyl.bin = bin\Debug\net8.0-windows\Dumps\PC\CHEVELLE_2_Vinyl.bin
		bin\Debug\net8.0-windows\Dumps\PC\COLIN_Customization.bin = bin\Debug\net8.0-windows\Dumps\PC\COLIN_Customization.bin
		bin\Debug\net8.0-windows\Dumps\PC\COLIN_Parts.bin = bin\Debug\net8.0-windows\Dumps\PC\COLIN_Parts.bin
		bin\Debug\net8.0-windows\Dumps\PC\COLIN_Vinyl.bin = bin\Debug\net8.0-windows\Dumps\PC\COLIN_Vinyl.bin
		bin\Debug\net8.0-windows\Dumps\PC\COROLLA_2_Customization.bin = bin\Debug\net8.0-windows\Dumps\PC\COROLLA_2_Customization.bin
		bin\Debug\net8.0-windows\Dumps\PC\COROLLA_2_Parts.bin = bin\Debug\net8.0-windows\Dumps\PC\COROLLA_2_Parts.bin
		bin\Debug\net8.0-windows\Dumps\PC\COROLLA_2_Vinyl.bin = bin\Debug\net8.0-windows\Dumps\PC\COROLLA_2_Vinyl.bin
		bin\Debug\net8.0-windows\Dumps\PC\CROSS_Customization.bin = bin\Debug\net8.0-windows\Dumps\PC\CROSS_Customization.bin
		bin\Debug\net8.0-windows\Dumps\PC\CROSS_Parts.bin = bin\Debug\net8.0-windows\Dumps\PC\CROSS_Parts.bin
		bin\Debug\net8.0-windows\Dumps\PC\CROSS_Vinyl.bin = bin\Debug\net8.0-windows\Dumps\PC\CROSS_Vinyl.bin
		bin\Debug\net8.0-windows\Dumps\PC\CS_300C_Customization.bin = bin\Debug\net8.0-windows\Dumps\PC\CS_300C_Customization.bin
		bin\Debug\net8.0-windows\Dumps\PC\CS_300C_Parts.bin = bin\Debug\net8.0-windows\Dumps\PC\CS_300C_Parts.bin
		bin\Debug\net8.0-windows\Dumps\PC\CS_300C_Vinyl.bin = bin\Debug\net8.0-windows\Dumps\PC\CS_300C_Vinyl.bin
		bin\Debug\net8.0-windows\Dumps\PC\CS_350Z_Customization.bin = bin\Debug\net8.0-windows\Dumps\PC\CS_350Z_Customization.bin
		bin\Debug\net8.0-windows\Dumps\PC\CS_350Z_Parts.bin = bin\Debug\net8.0-windows\Dumps\PC\CS_350Z_Parts.bin
		bin\Debug\net8.0-windows\Dumps\PC\CS_350Z_Vinyl.bin = bin\Debug\net8.0-windows\Dumps\PC\CS_350Z_Vinyl.bin
		bin\Debug\net8.0-windows\Dumps\PC\CS_GALLARDO_Customization.bin = bin\Debug\net8.0-windows\Dumps\PC\CS_GALLARDO_Customization.bin
		bin\Debug\net8.0-windows\Dumps\PC\CS_GALLARDO_Parts.bin = bin\Debug\net8.0-windows\Dumps\PC\CS_GALLARDO_Parts.bin
		bin\Debug\net8.0-windows\Dumps\PC\CS_GALLARDO_Vinyl.bin = bin\Debug\net8.0-windows\Dumps\PC\CS_GALLARDO_Vinyl.bin
		bin\Debug\net8.0-windows\Dumps\PC\CS_MUSTANGGT_Customization.bin = bin\Debug\net8.0-windows\Dumps\PC\CS_MUSTANGGT_Customization.bin
		bin\Debug\net8.0-windows\Dumps\PC\CS_MUSTANGGT_Parts.bin = bin\Debug\net8.0-windows\Dumps\PC\CS_MUSTANGGT_Parts.bin
		bin\Debug\net8.0-windows\Dumps\PC\CS_MUSTANGGT_Vinyl.bin = bin\Debug\net8.0-windows\Dumps\PC\CS_MUSTANGGT_Vinyl.bin
		bin\Debug\net8.0-windows\Dumps\PC\CS_RX8_Customization.bin = bin\Debug\net8.0-windows\Dumps\PC\CS_RX8_Customization.bin
		bin\Debug\net8.0-windows\Dumps\PC\CS_RX8_Parts.bin = bin\Debug\net8.0-windows\Dumps\PC\CS_RX8_Parts.bin
		bin\Debug\net8.0-windows\Dumps\PC\CS_RX8_Vinyl.bin = bin\Debug\net8.0-windows\Dumps\PC\CS_RX8_Vinyl.bin
		bin\Debug\net8.0-windows\Dumps\PC\CS_SKYLINE_Customization.bin = bin\Debug\net8.0-windows\Dumps\PC\CS_SKYLINE_Customization.bin
		bin\Debug\net8.0-windows\Dumps\PC\CS_SKYLINE_Parts.bin = bin\Debug\net8.0-windows\Dumps\PC\CS_SKYLINE_Parts.bin
		bin\Debug\net8.0-windows\Dumps\PC\CS_SKYLINE_Vinyl.bin = bin\Debug\net8.0-windows\Dumps\PC\CS_SKYLINE_Vinyl.bin
		bin\Debug\net8.0-windows\Dumps\PC\CS_SUPRA_Customization.bin = bin\Debug\net8.0-windows\Dumps\PC\CS_SUPRA_Customization.bin
		bin\Debug\net8.0-windows\Dumps\PC\CS_SUPRA_Parts.bin = bin\Debug\net8.0-windows\Dumps\PC\CS_SUPRA_Parts.bin
		bin\Debug\net8.0-windows\Dumps\PC\CS_SUPRA_Vinyl.bin = bin\Debug\net8.0-windows\Dumps\PC\CS_SUPRA_Vinyl.bin
		bin\Debug\net8.0-windows\Dumps\PC\DARIUS_Customization.bin = bin\Debug\net8.0-windows\Dumps\PC\DARIUS_Customization.bin
		bin\Debug\net8.0-windows\Dumps\PC\DARIUS_Parts.bin = bin\Debug\net8.0-windows\Dumps\PC\DARIUS_Parts.bin
		bin\Debug\net8.0-windows\Dumps\PC\DARIUS_Vinyl.bin = bin\Debug\net8.0-windows\Dumps\PC\DARIUS_Vinyl.bin
		bin\Debug\net8.0-windows\Dumps\PC\ECLIPSE_2_Customization.bin = bin\Debug\net8.0-windows\Dumps\PC\ECLIPSE_2_Customization.bin
		bin\Debug\net8.0-windows\Dumps\PC\ECLIPSE_2_Parts.bin = bin\Debug\net8.0-windows\Dumps\PC\ECLIPSE_2_Parts.bin
		bin\Debug\net8.0-windows\Dumps\PC\ECLIPSE_2_Vinyl.bin = bin\Debug\net8.0-windows\Dumps\PC\ECLIPSE_2_Vinyl.bin
		bin\Debug\net8.0-windows\Dumps\PC\EUROPA_2_Customization.bin = bin\Debug\net8.0-windows\Dumps\PC\EUROPA_2_Customization.bin
		bin\Debug\net8.0-windows\Dumps\PC\EUROPA_2_Parts.bin = bin\Debug\net8.0-windows\Dumps\PC\EUROPA_2_Parts.bin
		bin\Debug\net8.0-windows\Dumps\PC\EUROPA_2_Vinyl.bin = bin\Debug\net8.0-windows\Dumps\PC\EUROPA_2_Vinyl.bin
		bin\Debug\net8.0-windows\Dumps\PC\GTO_2_Customization.bin = bin\Debug\net8.0-windows\Dumps\PC\GTO_2_Customization.bin
		bin\Debug\net8.0-windows\Dumps\PC\GTO_2_Parts.bin = bin\Debug\net8.0-windows\Dumps\PC\GTO_2_Parts.bin
		bin\Debug\net8.0-windows\Dumps\PC\GTO_2_Vinyl.bin = bin\Debug\net8.0-windows\Dumps\PC\GTO_2_Vinyl.bin
		bin\Debug\net8.0-windows\Dumps\PC\IS300_2_Customization.bin = bin\Debug\net8.0-windows\Dumps\PC\IS300_2_Customization.bin
		bin\Debug\net8.0-windows\Dumps\PC\IS300_2_Parts.bin = bin\Debug\net8.0-windows\Dumps\PC\IS300_2_Parts.bin
		bin\Debug\net8.0-windows\Dumps\PC\IS300_2_Vinyl.bin = bin\Debug\net8.0-windows\Dumps\PC\IS300_2_Vinyl.bin
		bin\Debug\net8.0-windows\Dumps\PC\KENJI_Customization.bin = bin\Debug\net8.0-windows\Dumps\PC\KENJI_Customization.bin
		bin\Debug\net8.0-windows\Dumps\PC\KENJI_Parts.bin = bin\Debug\net8.0-windows\Dumps\PC\KENJI_Parts.bin
		bin\Debug\net8.0-windows\Dumps\PC\KENJI_Vinyl.bin = bin\Debug\net8.0-windows\Dumps\PC\KENJI_Vinyl.bin
		bin\Debug\net8.0-windows\Dumps\PC\MR2_2_Customization.bin = bin\Debug\net8.0-windows\Dumps\PC\MR2_2_Customization.bin
		bin\Debug\net8.0-windows\Dumps\PC\MR2_2_Parts.bin = bin\Debug\net8.0-windows\Dumps\PC\MR2_2_Parts.bin
		bin\Debug\net8.0-windows\Dumps\PC\MR2_2_Vinyl.bin = bin\Debug\net8.0-windows\Dumps\PC\MR2_2_Vinyl.bin
		bin\Debug\net8.0-windows\Dumps\PC\NIKKI_Customization.bin = bin\Debug\net8.0-windows\Dumps\PC\NIKKI_Customization.bin
		bin\Debug\net8.0-windows\Dumps\PC\NIKKI_Parts.bin = bin\Debug\net8.0-windows\Dumps\PC\NIKKI_Parts.bin
		bin\Debug\net8.0-windows\Dumps\PC\NIKKI_Vinyl.bin = bin\Debug\net8.0-windows\Dumps\PC\NIKKI_Vinyl.bin
		bin\Debug\net8.0-windows\Dumps\PC\REVVED_Customization.bin = bin\Debug\net8.0-windows\Dumps\PC\REVVED_Customization.bin
		bin\Debug\net8.0-windows\Dumps\PC\REVVED_Parts.bin = bin\Debug\net8.0-windows\Dumps\PC\REVVED_Parts.bin
		bin\Debug\net8.0-windows\Dumps\PC\REVVED_Vinyl.bin = bin\Debug\net8.0-windows\Dumps\PC\REVVED_Vinyl.bin
		bin\Debug\net8.0-windows\Dumps\PC\ROADRUNNER_2_Customization.bin = bin\Debug\net8.0-windows\Dumps\PC\ROADRUNNER_2_Customization.bin
		bin\Debug\net8.0-windows\Dumps\PC\ROADRUNNER_2_Parts.bin = bin\Debug\net8.0-windows\Dumps\PC\ROADRUNNER_2_Parts.bin
		bin\Debug\net8.0-windows\Dumps\PC\ROADRUNNER_2_Vinyl.bin = bin\Debug\net8.0-windows\Dumps\PC\ROADRUNNER_2_Vinyl.bin
		bin\Debug\net8.0-windows\Dumps\PC\T3_TUNER_NEVILLE_Customization.bin = bin\Debug\net8.0-windows\Dumps\PC\T3_TUNER_NEVILLE_Customization.bin
		bin\Debug\net8.0-windows\Dumps\PC\T3_TUNER_NEVILLE_Parts.bin = bin\Debug\net8.0-windows\Dumps\PC\T3_TUNER_NEVILLE_Parts.bin
		bin\Debug\net8.0-windows\Dumps\PC\T3_TUNER_NEVILLE_Vinyl.bin = bin\Debug\net8.0-windows\Dumps\PC\T3_TUNER_NEVILLE_Vinyl.bin
		bin\Debug\net8.0-windows\Dumps\PC\T3_TUNER_SAL_Customization.bin = bin\Debug\net8.0-windows\Dumps\PC\T3_TUNER_SAL_Customization.bin
		bin\Debug\net8.0-windows\Dumps\PC\T3_TUNER_SAL_Parts.bin = bin\Debug\net8.0-windows\Dumps\PC\T3_TUNER_SAL_Parts.bin
		bin\Debug\net8.0-windows\Dumps\PC\T3_TUNER_SAL_Vinyl.bin = bin\Debug\net8.0-windows\Dumps\PC\T3_TUNER_SAL_Vinyl.bin
		bin\Debug\net8.0-windows\Dumps\PC\T3_YUMI_Customization.bin = bin\Debug\net8.0-windows\Dumps\PC\T3_YUMI_Customization.bin
		bin\Debug\net8.0-windows\Dumps\PC\T3_YUMI_Parts.bin = bin\Debug\net8.0-windows\Dumps\PC\T3_YUMI_Parts.bin
		bin\Debug\net8.0-windows\Dumps\PC\T3_YUMI_Vinyl.bin = bin\Debug\net8.0-windows\Dumps\PC\T3_YUMI_Vinyl.bin
	EndProjectSection
EndProject
Global
	GlobalSection(SolutionConfigurationPlatforms) = preSolution
		Debug|Any CPU = Debug|Any CPU
		Debug|x64 = Debug|x64
		Release|Any CPU = Release|Any CPU
		Release|x64 = Release|x64
	EndGlobalSection
	GlobalSection(ProjectConfigurationPlatforms) = postSolution
		{8CD5A93E-FB6D-417B-A3B5-E63C3D599F6B}.Debug|Any CPU.ActiveCfg = Debug|Any CPU
		{8CD5A93E-FB6D-417B-A3B5-E63C3D599F6B}.Debug|Any CPU.Build.0 = Debug|Any CPU
		{8CD5A93E-FB6D-417B-A3B5-E63C3D599F6B}.Debug|x64.ActiveCfg = Debug|x64
		{8CD5A93E-FB6D-417B-A3B5-E63C3D599F6B}.Debug|x64.Build.0 = Debug|x64
		{8CD5A93E-FB6D-417B-A3B5-E63C3D599F6B}.Release|Any CPU.ActiveCfg = Release|Any CPU
		{8CD5A93E-FB6D-417B-A3B5-E63C3D599F6B}.Release|Any CPU.Build.0 = Release|Any CPU
		{8CD5A93E-FB6D-417B-A3B5-E63C3D599F6B}.Release|x64.ActiveCfg = Release|x64
		{8CD5A93E-FB6D-417B-A3B5-E63C3D599F6B}.Release|x64.Build.0 = Release|x64
	EndGlobalSection
	GlobalSection(SolutionProperties) = preSolution
		HideSolutionNode = FALSE
	EndGlobalSection
	GlobalSection(NestedProjects) = preSolution
		{CAB2F173-46EE-4074-A771-AA96A7A9AE49} = {02EA681E-C7D8-13C7-8484-4AC65E1B71E8}
		{FBAE817F-46A1-4B01-80CA-E1A4CBC8E067} = {02EA681E-C7D8-13C7-8484-4AC65E1B71E8}
	EndGlobalSection
	GlobalSection(ExtensibilityGlobals) = postSolution
		SolutionGuid = {AFDDED96-B524-4BE7-80FD-D5063E315CB2}
	EndGlobalSection
EndGlobal
